{
  "version": 4,
  "terraform_version": "1.3.9",
  "serial": 4,
  "lineage": "77743462-dbec-2d9b-caba-aa82177725cd",
  "outputs": {},
  "resources": [
    {
      "mode": "managed",
      "type": "google_bigquery_dataset",
      "name": "subreddit_data_raw",
      "provider": "provider[\"registry.terraform.io/hashicorp/google\"]",
      "instances": [
        {
          "schema_version": 0,
          "attributes": {
            "access": [
              {
                "dataset": [],
                "domain": "",
                "group_by_email": "",
                "role": "OWNER",
                "routine": [],
                "special_group": "",
                "user_by_email": "zalgo.de.zoomcamp.project@gmail.com",
                "view": []
              },
              {
                "dataset": [],
                "domain": "",
                "group_by_email": "",
                "role": "OWNER",
                "routine": [],
                "special_group": "projectOwners",
                "user_by_email": "",
                "view": []
              },
              {
                "dataset": [],
                "domain": "",
                "group_by_email": "",
                "role": "READER",
                "routine": [],
                "special_group": "projectReaders",
                "user_by_email": "",
                "view": []
              },
              {
                "dataset": [],
                "domain": "",
                "group_by_email": "",
                "role": "WRITER",
                "routine": [],
                "special_group": "projectWriters",
                "user_by_email": "",
                "view": []
              }
            ],
            "creation_time": 1682280461213,
            "dataset_id": "subreddit_data_raw",
            "default_collation": "",
            "default_encryption_configuration": [],
            "default_partition_expiration_ms": 0,
            "default_table_expiration_ms": 0,
            "delete_contents_on_destroy": true,
            "description": "",
            "etag": "laRyPkWtUrlZkO8W/Q6Naw==",
            "friendly_name": "",
            "id": "projects/zalgo-de-zoomcamp-project/datasets/subreddit_data_raw",
            "is_case_insensitive": false,
            "labels": {},
            "last_modified_time": 1682280461213,
            "location": "europe-west6",
            "max_time_travel_hours": "",
            "project": "zalgo-de-zoomcamp-project",
            "self_link": "https://bigquery.googleapis.com/bigquery/v2/projects/zalgo-de-zoomcamp-project/datasets/subreddit_data_raw",
            "timeouts": null
          },
          "sensitive_attributes": [],
          "private": "eyJlMmJmYjczMC1lY2FhLTExZTYtOGY4OC0zNDM2M2JjN2M0YzAiOnsiY3JlYXRlIjoxMjAwMDAwMDAwMDAwLCJkZWxldGUiOjEyMDAwMDAwMDAwMDAsInVwZGF0ZSI6MTIwMDAwMDAwMDAwMH19"
        }
      ]
    },
    {
      "mode": "managed",
      "type": "google_bigquery_table",
      "name": "comments",
      "provider": "provider[\"registry.terraform.io/hashicorp/google\"]",
      "instances": [
        {
          "schema_version": 0,
          "attributes": {
            "clustering": null,
            "creation_time": 1682280462248,
            "dataset_id": "subreddit_data_raw",
            "deletion_protection": false,
            "description": "",
            "encryption_configuration": [],
            "etag": "vPSMf+hOYx1GzN0/sQ8PhA==",
            "expiration_time": 0,
            "external_data_configuration": [],
            "friendly_name": "",
            "id": "projects/zalgo-de-zoomcamp-project/datasets/subreddit_data_raw/tables/comments",
            "labels": null,
            "last_modified_time": 1682280462329,
            "location": "europe-west6",
            "materialized_view": [],
            "num_bytes": 0,
            "num_long_term_bytes": 0,
            "num_rows": 0,
            "project": "zalgo-de-zoomcamp-project",
            "range_partitioning": [],
            "schema": null,
            "self_link": "https://bigquery.googleapis.com/bigquery/v2/projects/zalgo-de-zoomcamp-project/datasets/subreddit_data_raw/tables/comments",
            "table_id": "comments",
            "time_partitioning": [],
            "type": "TABLE",
            "view": []
          },
          "sensitive_attributes": [],
          "private": "bnVsbA==",
          "dependencies": [
            "google_bigquery_dataset.subreddit_data_raw"
          ]
        }
      ]
    },
    {
      "mode": "managed",
      "type": "google_bigquery_table",
      "name": "submissions",
      "provider": "provider[\"registry.terraform.io/hashicorp/google\"]",
      "instances": [
        {
          "schema_version": 0,
          "attributes": {
            "clustering": null,
            "creation_time": 1682280462249,
            "dataset_id": "subreddit_data_raw",
            "deletion_protection": false,
            "description": "",
            "encryption_configuration": [],
            "etag": "V0zTz0WifFxB2jWg9Nau1A==",
            "expiration_time": 0,
            "external_data_configuration": [],
            "friendly_name": "",
            "id": "projects/zalgo-de-zoomcamp-project/datasets/subreddit_data_raw/tables/submissions",
            "labels": null,
            "last_modified_time": 1682280462329,
            "location": "europe-west6",
            "materialized_view": [],
            "num_bytes": 0,
            "num_long_term_bytes": 0,
            "num_rows": 0,
            "project": "zalgo-de-zoomcamp-project",
            "range_partitioning": [],
            "schema": null,
            "self_link": "https://bigquery.googleapis.com/bigquery/v2/projects/zalgo-de-zoomcamp-project/datasets/subreddit_data_raw/tables/submissions",
            "table_id": "submissions",
            "time_partitioning": [],
            "type": "TABLE",
            "view": []
          },
          "sensitive_attributes": [],
          "private": "bnVsbA==",
          "dependencies": [
            "google_bigquery_dataset.subreddit_data_raw"
          ]
        }
      ]
    }
  ],
  "check_results": null
}
